{
  "name": "EnerChest",
  "lockfileVersion": 2,
  "requires": true,
  "packages": {
    "": {
      "dependencies": {
        "react-native-date-picker": "^4.2.2"
      }
    },
    "node_modules/react-native-date-picker": {
      "version": "4.2.2",
      "resolved": "https://registry.npmjs.org/react-native-date-picker/-/react-native-date-picker-4.2.2.tgz",
      "integrity": "sha512-x0jxWbJXKDXivRDwsUx58tKOxe719XoVqqq6UzMSYSsTiPL2i13r7PyDxop3f3et/62qbcMgeswl+/CLdX6+Eg=="
    }
  },
  "dependencies": {
    "react-native-date-picker": {
      "version": "4.2.2",
      "resolved": "https://registry.npmjs.org/react-native-date-picker/-/react-native-date-picker-4.2.2.tgz",
      "integrity": "sha512-x0jxWbJXKDXivRDwsUx58tKOxe719XoVqqq6UzMSYSsTiPL2i13r7PyDxop3f3et/62qbcMgeswl+/CLdX6+Eg=="
    }
  }
}
